
Microsoft Visual Studio Solution File, Format Version 12.00
# Visual Studio Version 16
VisualStudioVersion = 16.0.30907.101
MinimumVisualStudioVersion = 10.0.40219.1
Project("{FAE04EC0-301F-11D3-BF4B-00C04F79EFBC}") = "SurfaceMaze", "SurfaceMaze\SurfaceMaze.csproj", "{5D991DEA-C766-46CC-BDBC-8D7A88E8CE03}"
EndProject
Global
	GlobalSection(SolutionConfigurationPlatforms) = preSolution
		Debug|Any CPU = Debug|Any CPU
		Release|Any CPU = Release|Any CPU
	EndGlobalSection
	GlobalSection(ProjectConfigurationPlatforms) = postSolution
		{5D991DEA-C766-46CC-BDBC-8D7A88E8CE03}.Debug|Any CPU.ActiveCfg = Debug|Any CPU
		{5D991DEA-C766-46CC-BDBC-8D7A88E8CE03}.Debug|Any CPU.Build.0 = Debug|Any CPU
		{5D991DEA-C766-46CC-BDBC-8D7A88E8CE03}.Release|Any CPU.ActiveCfg = Release|Any CPU
		{5D991DEA-C766-46CC-BDBC-8D7A88E8CE03}.Release|Any CPU.Build.0 = Release|Any CPU
	EndGlobalSection
	GlobalSection(SolutionProperties) = preSolution
		HideSolutionNode = FALSE
	EndGlobalSection
	GlobalSection(ExtensibilityGlobals) = postSolution
		SolutionGuid = {8FB29037-9ADA-49EB-97F0-35C729EA9AB0}
	EndGlobalSection
EndGlobal
